// !$*UTF8*$!
{
	archiveVersion = 1;
	classes = {
	};
	objectVersion = 51;
	objects = {

/* Begin PBXBuildFile section */
		9FF5F6433D00C5467CE5041E /* Pods_Rick_and_Monty.framework in Frameworks */ = {isa = PBXBuildFile; fileRef = 52443D63F3FFD4B0FA8869B1 /* Pods_Rick_and_Monty.framework */; };
		B57E2451264BF3F500ECD996 /* EposideListViewModel.swift in Sources */ = {isa = PBXBuildFile; fileRef = B57E2450264BF3F500ECD996 /* EposideListViewModel.swift */; };
		B57E2455264C0EBF00ECD996 /* CustomAlert.swift in Sources */ = {isa = PBXBuildFile; fileRef = B57E2454264C0EBF00ECD996 /* CustomAlert.swift */; };
		B5B462F7264AA2AC007EB8EA /* AppDelegate.swift in Sources */ = {isa = PBXBuildFile; fileRef = B5B462F6264AA2AC007EB8EA /* AppDelegate.swift */; };
		B5B462F9264AA2AC007EB8EA /* SceneDelegate.swift in Sources */ = {isa = PBXBuildFile; fileRef = B5B462F8264AA2AC007EB8EA /* SceneDelegate.swift */; };
		B5B462FB264AA2AC007EB8EA /* CharactersViewController.swift in Sources */ = {isa = PBXBuildFile; fileRef = B5B462FA264AA2AC007EB8EA /* CharactersViewController.swift */; };
		B5B462FE264AA2AC007EB8EA /* Main.storyboard in Resources */ = {isa = PBXBuildFile; fileRef = B5B462FC264AA2AC007EB8EA /* Main.storyboard */; };
		B5B46300264AA2B0007EB8EA /* Assets.xcassets in Resources */ = {isa = PBXBuildFile; fileRef = B5B462FF264AA2B0007EB8EA /* Assets.xcassets */; };
		B5B46303264AA2B0007EB8EA /* LaunchScreen.storyboard in Resources */ = {isa = PBXBuildFile; fileRef = B5B46301264AA2B0007EB8EA /* LaunchScreen.storyboard */; };
		B5B46312264AA40A007EB8EA /* AppCoordinator.swift in Sources */ = {isa = PBXBuildFile; fileRef = B5B46311264AA40A007EB8EA /* AppCoordinator.swift */; };
		B5B46315264AC362007EB8EA /* CharacterCollectionViewCell.swift in Sources */ = {isa = PBXBuildFile; fileRef = B5B46314264AC362007EB8EA /* CharacterCollectionViewCell.swift */; };
		B5B46318264ACD25007EB8EA /* UIView+Extensions.swift in Sources */ = {isa = PBXBuildFile; fileRef = B5B46317264ACD25007EB8EA /* UIView+Extensions.swift */; };
		B5B4631A264AD0F3007EB8EA /* APICaller.swift in Sources */ = {isa = PBXBuildFile; fileRef = B5B46319264AD0F3007EB8EA /* APICaller.swift */; };
		B5B4631C264AD26C007EB8EA /* Characters.swift in Sources */ = {isa = PBXBuildFile; fileRef = B5B4631B264AD26C007EB8EA /* Characters.swift */; };
		B5B4631E264ADAA6007EB8EA /* CharacterListViewModel.swift in Sources */ = {isa = PBXBuildFile; fileRef = B5B4631D264ADAA6007EB8EA /* CharacterListViewModel.swift */; };
		B5B46322264AFD0B007EB8EA /* CharacterDetailsViewController.swift in Sources */ = {isa = PBXBuildFile; fileRef = B5B46321264AFD0B007EB8EA /* CharacterDetailsViewController.swift */; };
		B5B46324264B08E5007EB8EA /* UIButton+Extensions.swift in Sources */ = {isa = PBXBuildFile; fileRef = B5B46323264B08E5007EB8EA /* UIButton+Extensions.swift */; };
		B5B46326264B333F007EB8EA /* Eposide.swift in Sources */ = {isa = PBXBuildFile; fileRef = B5B46325264B333F007EB8EA /* Eposide.swift */; };
		B5B46328264B34F7007EB8EA /* String+Extensions.swift in Sources */ = {isa = PBXBuildFile; fileRef = B5B46327264B34F7007EB8EA /* String+Extensions.swift */; };
/* End PBXBuildFile section */

/* Begin PBXFileReference section */
		464C0CAA6E3B2F5B2AA6BF90 /* Pods-Rick and Monty.debug.xcconfig */ = {isa = PBXFileReference; includeInIndex = 1; lastKnownFileType = text.xcconfig; name = "Pods-Rick and Monty.debug.xcconfig"; path = "Target Support Files/Pods-Rick and Monty/Pods-Rick and Monty.debug.xcconfig"; sourceTree = "<group>"; };
		52443D63F3FFD4B0FA8869B1 /* Pods_Rick_and_Monty.framework */ = {isa = PBXFileReference; explicitFileType = wrapper.framework; includeInIndex = 0; path = Pods_Rick_and_Monty.framework; sourceTree = BUILT_PRODUCTS_DIR; };
		B57E2450264BF3F500ECD996 /* EposideListViewModel.swift */ = {isa = PBXFileReference; lastKnownFileType = sourcecode.swift; path = EposideListViewModel.swift; sourceTree = "<group>"; };
		B57E2454264C0EBF00ECD996 /* CustomAlert.swift */ = {isa = PBXFileReference; lastKnownFileType = sourcecode.swift; path = CustomAlert.swift; sourceTree = "<group>"; };
		B5B462F3264AA2AC007EB8EA /* Rick and Monty.app */ = {isa = PBXFileReference; explicitFileType = wrapper.application; includeInIndex = 0; path = "Rick and Monty.app"; sourceTree = BUILT_PRODUCTS_DIR; };
		B5B462F6264AA2AC007EB8EA /* AppDelegate.swift */ = {isa = PBXFileReference; lastKnownFileType = sourcecode.swift; path = AppDelegate.swift; sourceTree = "<group>"; };
		B5B462F8264AA2AC007EB8EA /* SceneDelegate.swift */ = {isa = PBXFileReference; lastKnownFileType = sourcecode.swift; path = SceneDelegate.swift; sourceTree = "<group>"; };
		B5B462FA264AA2AC007EB8EA /* CharactersViewController.swift */ = {isa = PBXFileReference; lastKnownFileType = sourcecode.swift; path = CharactersViewController.swift; sourceTree = "<group>"; };
		B5B462FD264AA2AC007EB8EA /* Base */ = {isa = PBXFileReference; lastKnownFileType = file.storyboard; name = Base; path = Base.lproj/Main.storyboard; sourceTree = "<group>"; };
		B5B462FF264AA2B0007EB8EA /* Assets.xcassets */ = {isa = PBXFileReference; lastKnownFileType = folder.assetcatalog; path = Assets.xcassets; sourceTree = "<group>"; };
		B5B46302264AA2B0007EB8EA /* Base */ = {isa = PBXFileReference; lastKnownFileType = file.storyboard; name = Base; path = Base.lproj/LaunchScreen.storyboard; sourceTree = "<group>"; };
		B5B46304264AA2B0007EB8EA /* Info.plist */ = {isa = PBXFileReference; lastKnownFileType = text.plist.xml; path = Info.plist; sourceTree = "<group>"; };
		B5B46311264AA40A007EB8EA /* AppCoordinator.swift */ = {isa = PBXFileReference; lastKnownFileType = sourcecode.swift; path = AppCoordinator.swift; sourceTree = "<group>"; };
		B5B46314264AC362007EB8EA /* CharacterCollectionViewCell.swift */ = {isa = PBXFileReference; lastKnownFileType = sourcecode.swift; path = CharacterCollectionViewCell.swift; sourceTree = "<group>"; };
		B5B46317264ACD25007EB8EA /* UIView+Extensions.swift */ = {isa = PBXFileReference; lastKnownFileType = sourcecode.swift; path = "UIView+Extensions.swift"; sourceTree = "<group>"; };
		B5B46319264AD0F3007EB8EA /* APICaller.swift */ = {isa = PBXFileReference; lastKnownFileType = sourcecode.swift; path = APICaller.swift; sourceTree = "<group>"; };
		B5B4631B264AD26C007EB8EA /* Characters.swift */ = {isa = PBXFileReference; lastKnownFileType = sourcecode.swift; path = Characters.swift; sourceTree = "<group>"; };
		B5B4631D264ADAA6007EB8EA /* CharacterListViewModel.swift */ = {isa = PBXFileReference; lastKnownFileType = sourcecode.swift; path = CharacterListViewModel.swift; sourceTree = "<group>"; };
		B5B46321264AFD0B007EB8EA /* CharacterDetailsViewController.swift */ = {isa = PBXFileReference; lastKnownFileType = sourcecode.swift; path = CharacterDetailsViewController.swift; sourceTree = "<group>"; };
		B5B46323264B08E5007EB8EA /* UIButton+Extensions.swift */ = {isa = PBXFileReference; lastKnownFileType = sourcecode.swift; path = "UIButton+Extensions.swift"; sourceTree = "<group>"; };
		B5B46325264B333F007EB8EA /* Eposide.swift */ = {isa = PBXFileReference; lastKnownFileType = sourcecode.swift; path = Eposide.swift; sourceTree = "<group>"; };
		B5B46327264B34F7007EB8EA /* String+Extensions.swift */ = {isa = PBXFileReference; lastKnownFileType = sourcecode.swift; path = "String+Extensions.swift"; sourceTree = "<group>"; };
		C270A742A6000F449A8BD2D2 /* Pods-Rick and Monty.release.xcconfig */ = {isa = PBXFileReference; includeInIndex = 1; lastKnownFileType = text.xcconfig; name = "Pods-Rick and Monty.release.xcconfig"; path = "Target Support Files/Pods-Rick and Monty/Pods-Rick and Monty.release.xcconfig"; sourceTree = "<group>"; };
/* End PBXFileReference section */

/* Begin PBXFrameworksBuildPhase section */
		B5B462F0264AA2AC007EB8EA /* Frameworks */ = {
			isa = PBXFrameworksBuildPhase;
			buildActionMask = 2147483647;
			files = (
				9FF5F6433D00C5467CE5041E /* Pods_Rick_and_Monty.framework in Frameworks */,
			);
			runOnlyForDeploymentPostprocessing = 0;
		};
/* End PBXFrameworksBuildPhase section */

/* Begin PBXGroup section */
		94E55CD8AE76F169075F3AD6 /* Frameworks */ = {
			isa = PBXGroup;
			children = (
				52443D63F3FFD4B0FA8869B1 /* Pods_Rick_and_Monty.framework */,
			);
			name = Frameworks;
			sourceTree = "<group>";
		};
		B5B462EA264AA2AC007EB8EA = {
			isa = PBXGroup;
			children = (
				B5B462F5264AA2AC007EB8EA /* Rick and Monty */,
				B5B462F4264AA2AC007EB8EA /* Products */,
				DAC72A5E58ED915F729C69A8 /* Pods */,
				94E55CD8AE76F169075F3AD6 /* Frameworks */,
			);
			sourceTree = "<group>";
		};
		B5B462F4264AA2AC007EB8EA /* Products */ = {
			isa = PBXGroup;
			children = (
				B5B462F3264AA2AC007EB8EA /* Rick and Monty.app */,
			);
			name = Products;
			sourceTree = "<group>";
		};
		B5B462F5264AA2AC007EB8EA /* Rick and Monty */ = {
			isa = PBXGroup;
			children = (
				B5B4630A264AA33E007EB8EA /* Controllers */,
				B5B46310264AA3A8007EB8EA /* Managers */,
				B5B4630C264AA349007EB8EA /* ViewModels */,
				B5B4630E264AA35F007EB8EA /* Models */,
				B5B46316264ACD12007EB8EA /* Extensions */,
				B5B4630F264AA363007EB8EA /* Resources */,
				B5B4630B264AA345007EB8EA /* Views */,
				B5B4630D264AA355007EB8EA /* Support Files */,
			);
			path = "Rick and Monty";
			sourceTree = "<group>";
		};
		B5B4630A264AA33E007EB8EA /* Controllers */ = {
			isa = PBXGroup;
			children = (
				B5B4631F264AFC07007EB8EA /* Core */,
				B5B46320264AFCEA007EB8EA /* Other */,
			);
			path = Controllers;
			sourceTree = "<group>";
		};
		B5B4630B264AA345007EB8EA /* Views */ = {
			isa = PBXGroup;
			children = (
				B57E2454264C0EBF00ECD996 /* CustomAlert.swift */,
				B5B46313264AC31B007EB8EA /* Cells */,
				B5B462FC264AA2AC007EB8EA /* Main.storyboard */,
				B5B462FF264AA2B0007EB8EA /* Assets.xcassets */,
				B5B46301264AA2B0007EB8EA /* LaunchScreen.storyboard */,
			);
			path = Views;
			sourceTree = "<group>";
		};
		B5B4630C264AA349007EB8EA /* ViewModels */ = {
			isa = PBXGroup;
			children = (
				B5B4631D264ADAA6007EB8EA /* CharacterListViewModel.swift */,
				B57E2450264BF3F500ECD996 /* EposideListViewModel.swift */,
			);
			path = ViewModels;
			sourceTree = "<group>";
		};
		B5B4630D264AA355007EB8EA /* Support Files */ = {
			isa = PBXGroup;
			children = (
				B5B46304264AA2B0007EB8EA /* Info.plist */,
			);
			path = "Support Files";
			sourceTree = "<group>";
		};
		B5B4630E264AA35F007EB8EA /* Models */ = {
			isa = PBXGroup;
			children = (
				B5B4631B264AD26C007EB8EA /* Characters.swift */,
				B5B46325264B333F007EB8EA /* Eposide.swift */,
			);
			path = Models;
			sourceTree = "<group>";
		};
		B5B4630F264AA363007EB8EA /* Resources */ = {
			isa = PBXGroup;
			children = (
				B5B462F6264AA2AC007EB8EA /* AppDelegate.swift */,
				B5B462F8264AA2AC007EB8EA /* SceneDelegate.swift */,
				B5B46311264AA40A007EB8EA /* AppCoordinator.swift */,
			);
			path = Resources;
			sourceTree = "<group>";
		};
		B5B46310264AA3A8007EB8EA /* Managers */ = {
			isa = PBXGroup;
			children = (
				B5B46319264AD0F3007EB8EA /* APICaller.swift */,
			);
			path = Managers;
			sourceTree = "<group>";
		};
		B5B46313264AC31B007EB8EA /* Cells */ = {
			isa = PBXGroup;
			children = (
				B5B46314264AC362007EB8EA /* CharacterCollectionViewCell.swift */,
			);
			path = Cells;
			sourceTree = "<group>";
		};
		B5B46316264ACD12007EB8EA /* Extensions */ = {
			isa = PBXGroup;
			children = (
				B5B46317264ACD25007EB8EA /* UIView+Extensions.swift */,
				B5B46323264B08E5007EB8EA /* UIButton+Extensions.swift */,
				B5B46327264B34F7007EB8EA /* String+Extensions.swift */,
			);
			path = Extensions;
			sourceTree = "<group>";
		};
		B5B4631F264AFC07007EB8EA /* Core */ = {
			isa = PBXGroup;
			children = (
				B5B462FA264AA2AC007EB8EA /* CharactersViewController.swift */,
			);
			path = Core;
			sourceTree = "<group>";
		};
		B5B46320264AFCEA007EB8EA /* Other */ = {
			isa = PBXGroup;
			children = (
				B5B46321264AFD0B007EB8EA /* CharacterDetailsViewController.swift */,
			);
			path = Other;
			sourceTree = "<group>";
		};
		DAC72A5E58ED915F729C69A8 /* Pods */ = {
			isa = PBXGroup;
			children = (
				464C0CAA6E3B2F5B2AA6BF90 /* Pods-Rick and Monty.debug.xcconfig */,
				C270A742A6000F449A8BD2D2 /* Pods-Rick and Monty.release.xcconfig */,
			);
			path = Pods;
			sourceTree = "<group>";
		};
/* End PBXGroup section */

/* Begin PBXNativeTarget section */
		B5B462F2264AA2AC007EB8EA /* Rick and Monty */ = {
			isa = PBXNativeTarget;
			buildConfigurationList = B5B46307264AA2B0007EB8EA /* Build configuration list for PBXNativeTarget "Rick and Monty" */;
			buildPhases = (
				2352102E0830713C2CA94CE2 /* [CP] Check Pods Manifest.lock */,
				B5B462EF264AA2AC007EB8EA /* Sources */,
				B5B462F0264AA2AC007EB8EA /* Frameworks */,
				B5B462F1264AA2AC007EB8EA /* Resources */,
				420ADD85A889D3321302AF4D /* [CP] Embed Pods Frameworks */,
			);
			buildRules = (
			);
			dependencies = (
			);
			name = "Rick and Monty";
			productName = "Rick and Monty";
			productReference = B5B462F3264AA2AC007EB8EA /* Rick and Monty.app */;
			productType = "com.apple.product-type.application";
		};
/* End PBXNativeTarget section */

/* Begin PBXProject section */
		B5B462EB264AA2AC007EB8EA /* Project object */ = {
			isa = PBXProject;
			attributes = {
				LastSwiftUpdateCheck = 1250;
				LastUpgradeCheck = 1250;
				TargetAttributes = {
					B5B462F2264AA2AC007EB8EA = {
						CreatedOnToolsVersion = 12.5;
					};
				};
			};
			buildConfigurationList = B5B462EE264AA2AC007EB8EA /* Build configuration list for PBXProject "Rick and Monty" */;
			compatibilityVersion = "Xcode 9.3";
			developmentRegion = en;
			hasScannedForEncodings = 0;
			knownRegions = (
				en,
				Base,
			);
			mainGroup = B5B462EA264AA2AC007EB8EA;
			productRefGroup = B5B462F4264AA2AC007EB8EA /* Products */;
			projectDirPath = "";
			projectRoot = "";
			targets = (
				B5B462F2264AA2AC007EB8EA /* Rick and Monty */,
			);
		};
/* End PBXProject section */

/* Begin PBXResourcesBuildPhase section */
		B5B462F1264AA2AC007EB8EA /* Resources */ = {
			isa = PBXResourcesBuildPhase;
			buildActionMask = 2147483647;
			files = (
				B5B46303264AA2B0007EB8EA /* LaunchScreen.storyboard in Resources */,
				B5B46300264AA2B0007EB8EA /* Assets.xcassets in Resources */,
				B5B462FE264AA2AC007EB8EA /* Main.storyboard in Resources */,
			);
			runOnlyForDeploymentPostprocessing = 0;
		};
/* End PBXResourcesBuildPhase section */

/* Begin PBXShellScriptBuildPhase section */
		2352102E0830713C2CA94CE2 /* [CP] Check Pods Manifest.lock */ = {
			isa = PBXShellScriptBuildPhase;
			buildActionMask = 2147483647;
			files = (
			);
			inputFileListPaths = (
			);
			inputPaths = (
				"${PODS_PODFILE_DIR_PATH}/Podfile.lock",
				"${PODS_ROOT}/Manifest.lock",
			);
			name = "[CP] Check Pods Manifest.lock";
			outputFileListPaths = (
			);
			outputPaths = (
				"$(DERIVED_FILE_DIR)/Pods-Rick and Monty-checkManifestLockResult.txt",
			);
			runOnlyForDeploymentPostprocessing = 0;
			shellPath = /bin/sh;
			shellScript = "diff \"${PODS_PODFILE_DIR_PATH}/Podfile.lock\" \"${PODS_ROOT}/Manifest.lock\" > /dev/null\nif [ $? != 0 ] ; then\n    # print error to STDERR\n    echo \"error: The sandbox is not in sync with the Podfile.lock. Run 'pod install' or update your CocoaPods installation.\" >&2\n    exit 1\nfi\n# This output is used by Xcode 'outputs' to avoid re-running this script phase.\necho \"SUCCESS\" > \"${SCRIPT_OUTPUT_FILE_0}\"\n";
			showEnvVarsInLog = 0;
		};
		420ADD85A889D3321302AF4D /* [CP] Embed Pods Frameworks */ = {
			isa = PBXShellScriptBuildPhase;
			buildActionMask = 2147483647;
			files = (
			);
			inputFileListPaths = (
				"${PODS_ROOT}/Target Support Files/Pods-Rick and Monty/Pods-Rick and Monty-frameworks-${CONFIGURATION}-input-files.xcfilelist",
			);
			name = "[CP] Embed Pods Frameworks";
			outputFileListPaths = (
				"${PODS_ROOT}/Target Support Files/Pods-Rick and Monty/Pods-Rick and Monty-frameworks-${CONFIGURATION}-output-files.xcfilelist",
			);
			runOnlyForDeploymentPostprocessing = 0;
			shellPath = /bin/sh;
			shellScript = "\"${PODS_ROOT}/Target Support Files/Pods-Rick and Monty/Pods-Rick and Monty-frameworks.sh\"\n";
			showEnvVarsInLog = 0;
		};
/* End PBXShellScriptBuildPhase section */

/* Begin PBXSourcesBuildPhase section */
		B5B462EF264AA2AC007EB8EA /* Sources */ = {
			isa = PBXSourcesBuildPhase;
			buildActionMask = 2147483647;
			files = (
				B5B46318264ACD25007EB8EA /* UIView+Extensions.swift in Sources */,
				B5B46328264B34F7007EB8EA /* String+Extensions.swift in Sources */,
				B57E2451264BF3F500ECD996 /* EposideListViewModel.swift in Sources */,
				B5B46315264AC362007EB8EA /* CharacterCollectionViewCell.swift in Sources */,
				B5B46312264AA40A007EB8EA /* AppCoordinator.swift in Sources */,
				B5B4631C264AD26C007EB8EA /* Characters.swift in Sources */,
				B5B4631E264ADAA6007EB8EA /* CharacterListViewModel.swift in Sources */,
				B5B46326264B333F007EB8EA /* Eposide.swift in Sources */,
				B5B4631A264AD0F3007EB8EA /* APICaller.swift in Sources */,
				B57E2455264C0EBF00ECD996 /* CustomAlert.swift in Sources */,
				B5B462FB264AA2AC007EB8EA /* CharactersViewController.swift in Sources */,
				B5B46322264AFD0B007EB8EA /* CharacterDetailsViewController.swift in Sources */,
				B5B462F7264AA2AC007EB8EA /* AppDelegate.swift in Sources */,
				B5B46324264B08E5007EB8EA /* UIButton+Extensions.swift in Sources */,
				B5B462F9264AA2AC007EB8EA /* SceneDelegate.swift in Sources */,
			);
			runOnlyForDeploymentPostprocessing = 0;
		};
/* End PBXSourcesBuildPhase section */

/* Begin PBXVariantGroup section */
		B5B462FC264AA2AC007EB8EA /* Main.storyboard */ = {
			isa = PBXVariantGroup;
			children = (
				B5B462FD264AA2AC007EB8EA /* Base */,
			);
			name = Main.storyboard;
			sourceTree = "<group>";
		};
		B5B46301264AA2B0007EB8EA /* LaunchScreen.storyboard */ = {
			isa = PBXVariantGroup;
			children = (
				B5B46302264AA2B0007EB8EA /* Base */,
			);
			name = LaunchScreen.storyboard;
			sourceTree = "<group>";
		};
/* End PBXVariantGroup section */

/* Begin XCBuildConfiguration section */
		B5B46305264AA2B0007EB8EA /* Debug */ = {
			isa = XCBuildConfiguration;
			buildSettings = {
				ALWAYS_SEARCH_USER_PATHS = NO;
				CLANG_ANALYZER_NONNULL = YES;
				CLANG_ANALYZER_NUMBER_OBJECT_CONVERSION = YES_AGGRESSIVE;
				CLANG_CXX_LANGUAGE_STANDARD = "gnu++14";
				CLANG_CXX_LIBRARY = "libc++";
				CLANG_ENABLE_MODULES = YES;
				CLANG_ENABLE_OBJC_ARC = YES;
				CLANG_ENABLE_OBJC_WEAK = YES;
				CLANG_WARN_BLOCK_CAPTURE_AUTORELEASING = YES;
				CLANG_WARN_BOOL_CONVERSION = YES;
				CLANG_WARN_COMMA = YES;
				CLANG_WARN_CONSTANT_CONVERSION = YES;
				CLANG_WARN_DEPRECATED_OBJC_IMPLEMENTATIONS = YES;
				CLANG_WARN_DIRECT_OBJC_ISA_USAGE = YES_ERROR;
				CLANG_WARN_DOCUMENTATION_COMMENTS = YES;
				CLANG_WARN_EMPTY_BODY = YES;
				CLANG_WARN_ENUM_CONVERSION = YES;
				CLANG_WARN_INFINITE_RECURSION = YES;
				CLANG_WARN_INT_CONVERSION = YES;
				CLANG_WARN_NON_LITERAL_NULL_CONVERSION = YES;
				CLANG_WARN_OBJC_IMPLICIT_RETAIN_SELF = YES;
				CLANG_WARN_OBJC_LITERAL_CONVERSION = YES;
				CLANG_WARN_OBJC_ROOT_CLASS = YES_ERROR;
				CLANG_WARN_QUOTED_INCLUDE_IN_FRAMEWORK_HEADER = YES;
				CLANG_WARN_RANGE_LOOP_ANALYSIS = YES;
				CLANG_WARN_STRICT_PROTOTYPES = YES;
				CLANG_WARN_SUSPICIOUS_MOVE = YES;
				CLANG_WARN_UNGUARDED_AVAILABILITY = YES_AGGRESSIVE;
				CLANG_WARN_UNREACHABLE_CODE = YES;
				CLANG_WARN__DUPLICATE_METHOD_MATCH = YES;
				COPY_PHASE_STRIP = NO;
				DEBUG_INFORMATION_FORMAT = dwarf;
				ENABLE_STRICT_OBJC_MSGSEND = YES;
				ENABLE_TESTABILITY = YES;
				GCC_C_LANGUAGE_STANDARD = gnu11;
				GCC_DYNAMIC_NO_PIC = NO;
				GCC_NO_COMMON_BLOCKS = YES;
				GCC_OPTIMIZATION_LEVEL = 0;
				GCC_PREPROCESSOR_DEFINITIONS = (
					"DEBUG=1",
					"$(inherited)",
				);
				GCC_WARN_64_TO_32_BIT_CONVERSION = YES;
				GCC_WARN_ABOUT_RETURN_TYPE = YES_ERROR;
				GCC_WARN_UNDECLARED_SELECTOR = YES;
				GCC_WARN_UNINITIALIZED_AUTOS = YES_AGGRESSIVE;
				GCC_WARN_UNUSED_FUNCTION = YES;
				GCC_WARN_UNUSED_VARIABLE = YES;
				IPHONEOS_DEPLOYMENT_TARGET = 14.5;
				MTL_ENABLE_DEBUG_INFO = INCLUDE_SOURCE;
				MTL_FAST_MATH = YES;
				ONLY_ACTIVE_ARCH = YES;
				SDKROOT = iphoneos;
				SWIFT_ACTIVE_COMPILATION_CONDITIONS = DEBUG;
				SWIFT_OPTIMIZATION_LEVEL = "-Onone";
			};
			name = Debug;
		};
		B5B46306264AA2B0007EB8EA /* Release */ = {
			isa = XCBuildConfiguration;
			buildSettings = {
				ALWAYS_SEARCH_USER_PATHS = NO;
				CLANG_ANALYZER_NONNULL = YES;
				CLANG_ANALYZER_NUMBER_OBJECT_CONVERSION = YES_AGGRESSIVE;
				CLANG_CXX_LANGUAGE_STANDARD = "gnu++14";
				CLANG_CXX_LIBRARY = "libc++";
				CLANG_ENABLE_MODULES = YES;
				CLANG_ENABLE_OBJC_ARC = YES;
				CLANG_ENABLE_OBJC_WEAK = YES;
				CLANG_WARN_BLOCK_CAPTURE_AUTORELEASING = YES;
				CLANG_WARN_BOOL_CONVERSION = YES;
				CLANG_WARN_COMMA = YES;
				CLANG_WARN_CONSTANT_CONVERSION = YES;
				CLANG_WARN_DEPRECATED_OBJC_IMPLEMENTATIONS = YES;
				CLANG_WARN_DIRECT_OBJC_ISA_USAGE = YES_ERROR;
				CLANG_WARN_DOCUMENTATION_COMMENTS = YES;
				CLANG_WARN_EMPTY_BODY = YES;
				CLANG_WARN_ENUM_CONVERSION = YES;
				CLANG_WARN_INFINITE_RECURSION = YES;
				CLANG_WARN_INT_CONVERSION = YES;
				CLANG_WARN_NON_LITERAL_NULL_CONVERSION = YES;
				CLANG_WARN_OBJC_IMPLICIT_RETAIN_SELF = YES;
				CLANG_WARN_OBJC_LITERAL_CONVERSION = YES;
				CLANG_WARN_OBJC_ROOT_CLASS = YES_ERROR;
				CLANG_WARN_QUOTED_INCLUDE_IN_FRAMEWORK_HEADER = YES;
				CLANG_WARN_RANGE_LOOP_ANALYSIS = YES;
				CLANG_WARN_STRICT_PROTOTYPES = YES;
				CLANG_WARN_SUSPICIOUS_MOVE = YES;
				CLANG_WARN_UNGUARDED_AVAILABILITY = YES_AGGRESSIVE;
				CLANG_WARN_UNREACHABLE_CODE = YES;
				CLANG_WARN__DUPLICATE_METHOD_MATCH = YES;
				COPY_PHASE_STRIP = NO;
				DEBUG_INFORMATION_FORMAT = "dwarf-with-dsym";
				ENABLE_NS_ASSERTIONS = NO;
				ENABLE_STRICT_OBJC_MSGSEND = YES;
				GCC_C_LANGUAGE_STANDARD = gnu11;
				GCC_NO_COMMON_BLOCKS = YES;
				GCC_WARN_64_TO_32_BIT_CONVERSION = YES;
				GCC_WARN_ABOUT_RETURN_TYPE = YES_ERROR;
				GCC_WARN_UNDECLARED_SELECTOR = YES;
				GCC_WARN_UNINITIALIZED_AUTOS = YES_AGGRESSIVE;
				GCC_WARN_UNUSED_FUNCTION = YES;
				GCC_WARN_UNUSED_VARIABLE = YES;
				IPHONEOS_DEPLOYMENT_TARGET = 14.5;
				MTL_ENABLE_DEBUG_INFO = NO;
				MTL_FAST_MATH = YES;
				SDKROOT = iphoneos;
				SWIFT_COMPILATION_MODE = wholemodule;
				SWIFT_OPTIMIZATION_LEVEL = "-O";
				VALIDATE_PRODUCT = YES;
			};
			name = Release;
		};
		B5B46308264AA2B0007EB8EA /* Debug */ = {
			isa = XCBuildConfiguration;
			baseConfigurationReference = 464C0CAA6E3B2F5B2AA6BF90 /* Pods-Rick and Monty.debug.xcconfig */;
			buildSettings = {
				ASSETCATALOG_COMPILER_APPICON_NAME = AppIcon;
				ASSETCATALOG_COMPILER_GLOBAL_ACCENT_COLOR_NAME = AccentColor;
				CODE_SIGN_STYLE = Automatic;
				DEVELOPMENT_TEAM = 7AYM348U3Y;
				INFOPLIST_FILE = "$(SRCROOT)/Rick and Monty/Support Files/Info.plist";
				LD_RUNPATH_SEARCH_PATHS = (
					"$(inherited)",
					"@executable_path/Frameworks",
				);
				PRODUCT_BUNDLE_IDENTIFIER = "com.bilaldurnagol.Rick-and-Monty";
				PRODUCT_NAME = "$(TARGET_NAME)";
				SWIFT_VERSION = 5.0;
				TARGETED_DEVICE_FAMILY = "1,2";
			};
			name = Debug;
		};
		B5B46309264AA2B0007EB8EA /* Release */ = {
			isa = XCBuildConfiguration;
			baseConfigurationReference = C270A742A6000F449A8BD2D2 /* Pods-Rick and Monty.release.xcconfig */;
			buildSettings = {
				ASSETCATALOG_COMPILER_APPICON_NAME = AppIcon;
				ASSETCATALOG_COMPILER_GLOBAL_ACCENT_COLOR_NAME = AccentColor;
				CODE_SIGN_STYLE = Automatic;
				DEVELOPMENT_TEAM = 7AYM348U3Y;
				INFOPLIST_FILE = "$(SRCROOT)/Rick and Monty/Support Files/Info.plist";
				LD_RUNPATH_SEARCH_PATHS = (
					"$(inherited)",
					"@executable_path/Frameworks",
				);
				PRODUCT_BUNDLE_IDENTIFIER = "com.bilaldurnagol.Rick-and-Monty";
				PRODUCT_NAME = "$(TARGET_NAME)";
				SWIFT_VERSION = 5.0;
				TARGETED_DEVICE_FAMILY = "1,2";
			};
			name = Release;
		};
/* End XCBuildConfiguration section */

/* Begin XCConfigurationList section */
		B5B462EE264AA2AC007EB8EA /* Build configuration list for PBXProject "Rick and Monty" */ = {
			isa = XCConfigurationList;
			buildConfigurations = (
				B5B46305264AA2B0007EB8EA /* Debug */,
				B5B46306264AA2B0007EB8EA /* Release */,
			);
			defaultConfigurationIsVisible = 0;
			defaultConfigurationName = Release;
		};
		B5B46307264AA2B0007EB8EA /* Build configuration list for PBXNativeTarget "Rick and Monty" */ = {
			isa = XCConfigurationList;
			buildConfigurations = (
				B5B46308264AA2B0007EB8EA /* Debug */,
				B5B46309264AA2B0007EB8EA /* Release */,
			);
			defaultConfigurationIsVisible = 0;
			defaultConfigurationName = Release;
		};
/* End XCConfigurationList section */
	};
	rootObject = B5B462EB264AA2AC007EB8EA /* Project object */;
}
